
Microsoft Visual Studio Solution File, Format Version 12.00
# Visual Studio Version 16
VisualStudioVersion = 16.6.30114.105
MinimumVisualStudioVersion = 10.0.40219.1
Project("{2150E333-8FDC-42A3-9474-1A3956D46DE8}") = "src", "src", "{6C4219FD-B440-48C8-A34A-31B84DDAFF17}"
EndProject
Project("{FAE04EC0-301F-11D3-BF4B-00C04F79EFBC}") = "Grpc", "src\Grpc\Grpc.csproj", "{11CE9AB9-C115-45AA-8DCE-87F0FDA0FFDE}"
EndProject
Project("{FAE04EC0-301F-11D3-BF4B-00C04F79EFBC}") = "MoqMatchers.NUnit", "src\MoqMatchers.NUnit\MoqMatchers.NUnit.csproj", "{863C521E-B32F-4DE0-AD3E-026B594569AF}"
EndProject
Project("{FAE04EC0-301F-11D3-BF4B-00C04F79EFBC}") = "NUnitConstraints", "src\NUnitConstraints\NUnitConstraints.csproj", "{210AC383-3565-49B5-8652-D2CB69D46EEE}"
EndProject
Project("{FAE04EC0-301F-11D3-BF4B-00C04F79EFBC}") = "NUnitLogger", "src\NUnitLogger\NUnitLogger.csproj", "{752C1D10-43DE-4165-A911-FB8416C479E2}"
EndProject
Project("{2150E333-8FDC-42A3-9474-1A3956D46DE8}") = "tests", "tests", "{0A778506-BD11-47FA-876E-BB4CFAFE78A6}"
EndProject
Project("{FAE04EC0-301F-11D3-BF4B-00C04F79EFBC}") = "Tests.Grpc", "tests\Tests.Grpc\Tests.Grpc.csproj", "{4CC02757-1BF3-4050-91F1-8B23F43E0C7B}"
EndProject
Project("{FAE04EC0-301F-11D3-BF4B-00C04F79EFBC}") = "Tests.MoqMatchers.NUnit", "tests\Tests.MoqMatchers.NUnit\Tests.MoqMatchers.NUnit.csproj", "{3FAD634B-A0AC-4640-B0F0-4F3CE55324B7}"
EndProject
Project("{FAE04EC0-301F-11D3-BF4B-00C04F79EFBC}") = "Tests.NUnitConstraints", "tests\Tests.NUnitConstraints\Tests.NUnitConstraints.csproj", "{5F8168FC-F477-4A17-A2E0-11E96BA707A3}"
EndProject
Project("{FAE04EC0-301F-11D3-BF4B-00C04F79EFBC}") = "Tests.NUnitLogger", "tests\Tests.NUnitLogger\Tests.NUnitLogger.csproj", "{2C290A66-DA2C-45D1-9796-87F2697B9D54}"
EndProject
Global
	GlobalSection(SolutionConfigurationPlatforms) = preSolution
		Debug|Any CPU = Debug|Any CPU
		Debug|x64 = Debug|x64
		Debug|x86 = Debug|x86
		Release|Any CPU = Release|Any CPU
		Release|x64 = Release|x64
		Release|x86 = Release|x86
	EndGlobalSection
	GlobalSection(SolutionProperties) = preSolution
		HideSolutionNode = FALSE
	EndGlobalSection
	GlobalSection(ProjectConfigurationPlatforms) = postSolution
		{11CE9AB9-C115-45AA-8DCE-87F0FDA0FFDE}.Debug|Any CPU.ActiveCfg = Debug|Any CPU
		{11CE9AB9-C115-45AA-8DCE-87F0FDA0FFDE}.Debug|Any CPU.Build.0 = Debug|Any CPU
		{11CE9AB9-C115-45AA-8DCE-87F0FDA0FFDE}.Debug|x64.ActiveCfg = Debug|Any CPU
		{11CE9AB9-C115-45AA-8DCE-87F0FDA0FFDE}.Debug|x64.Build.0 = Debug|Any CPU
		{11CE9AB9-C115-45AA-8DCE-87F0FDA0FFDE}.Debug|x86.ActiveCfg = Debug|Any CPU
		{11CE9AB9-C115-45AA-8DCE-87F0FDA0FFDE}.Debug|x86.Build.0 = Debug|Any CPU
		{11CE9AB9-C115-45AA-8DCE-87F0FDA0FFDE}.Release|Any CPU.ActiveCfg = Release|Any CPU
		{11CE9AB9-C115-45AA-8DCE-87F0FDA0FFDE}.Release|Any CPU.Build.0 = Release|Any CPU
		{11CE9AB9-C115-45AA-8DCE-87F0FDA0FFDE}.Release|x64.ActiveCfg = Release|Any CPU
		{11CE9AB9-C115-45AA-8DCE-87F0FDA0FFDE}.Release|x64.Build.0 = Release|Any CPU
		{11CE9AB9-C115-45AA-8DCE-87F0FDA0FFDE}.Release|x86.ActiveCfg = Release|Any CPU
		{11CE9AB9-C115-45AA-8DCE-87F0FDA0FFDE}.Release|x86.Build.0 = Release|Any CPU
		{863C521E-B32F-4DE0-AD3E-026B594569AF}.Debug|Any CPU.ActiveCfg = Debug|Any CPU
		{863C521E-B32F-4DE0-AD3E-026B594569AF}.Debug|Any CPU.Build.0 = Debug|Any CPU
		{863C521E-B32F-4DE0-AD3E-026B594569AF}.Debug|x64.ActiveCfg = Debug|Any CPU
		{863C521E-B32F-4DE0-AD3E-026B594569AF}.Debug|x64.Build.0 = Debug|Any CPU
		{863C521E-B32F-4DE0-AD3E-026B594569AF}.Debug|x86.ActiveCfg = Debug|Any CPU
		{863C521E-B32F-4DE0-AD3E-026B594569AF}.Debug|x86.Build.0 = Debug|Any CPU
		{863C521E-B32F-4DE0-AD3E-026B594569AF}.Release|Any CPU.ActiveCfg = Release|Any CPU
		{863C521E-B32F-4DE0-AD3E-026B594569AF}.Release|Any CPU.Build.0 = Release|Any CPU
		{863C521E-B32F-4DE0-AD3E-026B594569AF}.Release|x64.ActiveCfg = Release|Any CPU
		{863C521E-B32F-4DE0-AD3E-026B594569AF}.Release|x64.Build.0 = Release|Any CPU
		{863C521E-B32F-4DE0-AD3E-026B594569AF}.Release|x86.ActiveCfg = Release|Any CPU
		{863C521E-B32F-4DE0-AD3E-026B594569AF}.Release|x86.Build.0 = Release|Any CPU
		{210AC383-3565-49B5-8652-D2CB69D46EEE}.Debug|Any CPU.ActiveCfg = Debug|Any CPU
		{210AC383-3565-49B5-8652-D2CB69D46EEE}.Debug|Any CPU.Build.0 = Debug|Any CPU
		{210AC383-3565-49B5-8652-D2CB69D46EEE}.Debug|x64.ActiveCfg = Debug|Any CPU
		{210AC383-3565-49B5-8652-D2CB69D46EEE}.Debug|x64.Build.0 = Debug|Any CPU
		{210AC383-3565-49B5-8652-D2CB69D46EEE}.Debug|x86.ActiveCfg = Debug|Any CPU
		{210AC383-3565-49B5-8652-D2CB69D46EEE}.Debug|x86.Build.0 = Debug|Any CPU
		{210AC383-3565-49B5-8652-D2CB69D46EEE}.Release|Any CPU.ActiveCfg = Release|Any CPU
		{210AC383-3565-49B5-8652-D2CB69D46EEE}.Release|Any CPU.Build.0 = Release|Any CPU
		{210AC383-3565-49B5-8652-D2CB69D46EEE}.Release|x64.ActiveCfg = Release|Any CPU
		{210AC383-3565-49B5-8652-D2CB69D46EEE}.Release|x64.Build.0 = Release|Any CPU
		{210AC383-3565-49B5-8652-D2CB69D46EEE}.Release|x86.ActiveCfg = Release|Any CPU
		{210AC383-3565-49B5-8652-D2CB69D46EEE}.Release|x86.Build.0 = Release|Any CPU
		{752C1D10-43DE-4165-A911-FB8416C479E2}.Debug|Any CPU.ActiveCfg = Debug|Any CPU
		{752C1D10-43DE-4165-A911-FB8416C479E2}.Debug|Any CPU.Build.0 = Debug|Any CPU
		{752C1D10-43DE-4165-A911-FB8416C479E2}.Debug|x64.ActiveCfg = Debug|Any CPU
		{752C1D10-43DE-4165-A911-FB8416C479E2}.Debug|x64.Build.0 = Debug|Any CPU
		{752C1D10-43DE-4165-A911-FB8416C479E2}.Debug|x86.ActiveCfg = Debug|Any CPU
		{752C1D10-43DE-4165-A911-FB8416C479E2}.Debug|x86.Build.0 = Debug|Any CPU
		{752C1D10-43DE-4165-A911-FB8416C479E2}.Release|Any CPU.ActiveCfg = Release|Any CPU
		{752C1D10-43DE-4165-A911-FB8416C479E2}.Release|Any CPU.Build.0 = Release|Any CPU
		{752C1D10-43DE-4165-A911-FB8416C479E2}.Release|x64.ActiveCfg = Release|Any CPU
		{752C1D10-43DE-4165-A911-FB8416C479E2}.Release|x64.Build.0 = Release|Any CPU
		{752C1D10-43DE-4165-A911-FB8416C479E2}.Release|x86.ActiveCfg = Release|Any CPU
		{752C1D10-43DE-4165-A911-FB8416C479E2}.Release|x86.Build.0 = Release|Any CPU
		{4CC02757-1BF3-4050-91F1-8B23F43E0C7B}.Debug|Any CPU.ActiveCfg = Debug|Any CPU
		{4CC02757-1BF3-4050-91F1-8B23F43E0C7B}.Debug|Any CPU.Build.0 = Debug|Any CPU
		{4CC02757-1BF3-4050-91F1-8B23F43E0C7B}.Debug|x64.ActiveCfg = Debug|Any CPU
		{4CC02757-1BF3-4050-91F1-8B23F43E0C7B}.Debug|x64.Build.0 = Debug|Any CPU
		{4CC02757-1BF3-4050-91F1-8B23F43E0C7B}.Debug|x86.ActiveCfg = Debug|Any CPU
		{4CC02757-1BF3-4050-91F1-8B23F43E0C7B}.Debug|x86.Build.0 = Debug|Any CPU
		{4CC02757-1BF3-4050-91F1-8B23F43E0C7B}.Release|Any CPU.ActiveCfg = Release|Any CPU
		{4CC02757-1BF3-4050-91F1-8B23F43E0C7B}.Release|Any CPU.Build.0 = Release|Any CPU
		{4CC02757-1BF3-4050-91F1-8B23F43E0C7B}.Release|x64.ActiveCfg = Release|Any CPU
		{4CC02757-1BF3-4050-91F1-8B23F43E0C7B}.Release|x64.Build.0 = Release|Any CPU
		{4CC02757-1BF3-4050-91F1-8B23F43E0C7B}.Release|x86.ActiveCfg = Release|Any CPU
		{4CC02757-1BF3-4050-91F1-8B23F43E0C7B}.Release|x86.Build.0 = Release|Any CPU
		{3FAD634B-A0AC-4640-B0F0-4F3CE55324B7}.Debug|Any CPU.ActiveCfg = Debug|Any CPU
		{3FAD634B-A0AC-4640-B0F0-4F3CE55324B7}.Debug|Any CPU.Build.0 = Debug|Any CPU
		{3FAD634B-A0AC-4640-B0F0-4F3CE55324B7}.Debug|x64.ActiveCfg = Debug|Any CPU
		{3FAD634B-A0AC-4640-B0F0-4F3CE55324B7}.Debug|x64.Build.0 = Debug|Any CPU
		{3FAD634B-A0AC-4640-B0F0-4F3CE55324B7}.Debug|x86.ActiveCfg = Debug|Any CPU
		{3FAD634B-A0AC-4640-B0F0-4F3CE55324B7}.Debug|x86.Build.0 = Debug|Any CPU
		{3FAD634B-A0AC-4640-B0F0-4F3CE55324B7}.Release|Any CPU.ActiveCfg = Release|Any CPU
		{3FAD634B-A0AC-4640-B0F0-4F3CE55324B7}.Release|Any CPU.Build.0 = Release|Any CPU
		{3FAD634B-A0AC-4640-B0F0-4F3CE55324B7}.Release|x64.ActiveCfg = Release|Any CPU
		{3FAD634B-A0AC-4640-B0F0-4F3CE55324B7}.Release|x64.Build.0 = Release|Any CPU
		{3FAD634B-A0AC-4640-B0F0-4F3CE55324B7}.Release|x86.ActiveCfg = Release|Any CPU
		{3FAD634B-A0AC-4640-B0F0-4F3CE55324B7}.Release|x86.Build.0 = Release|Any CPU
		{5F8168FC-F477-4A17-A2E0-11E96BA707A3}.Debug|Any CPU.ActiveCfg = Debug|Any CPU
		{5F8168FC-F477-4A17-A2E0-11E96BA707A3}.Debug|Any CPU.Build.0 = Debug|Any CPU
		{5F8168FC-F477-4A17-A2E0-11E96BA707A3}.Debug|x64.ActiveCfg = Debug|Any CPU
		{5F8168FC-F477-4A17-A2E0-11E96BA707A3}.Debug|x64.Build.0 = Debug|Any CPU
		{5F8168FC-F477-4A17-A2E0-11E96BA707A3}.Debug|x86.ActiveCfg = Debug|Any CPU
		{5F8168FC-F477-4A17-A2E0-11E96BA707A3}.Debug|x86.Build.0 = Debug|Any CPU
		{5F8168FC-F477-4A17-A2E0-11E96BA707A3}.Release|Any CPU.ActiveCfg = Release|Any CPU
		{5F8168FC-F477-4A17-A2E0-11E96BA707A3}.Release|Any CPU.Build.0 = Release|Any CPU
		{5F8168FC-F477-4A17-A2E0-11E96BA707A3}.Release|x64.ActiveCfg = Release|Any CPU
		{5F8168FC-F477-4A17-A2E0-11E96BA707A3}.Release|x64.Build.0 = Release|Any CPU
		{5F8168FC-F477-4A17-A2E0-11E96BA707A3}.Release|x86.ActiveCfg = Release|Any CPU
		{5F8168FC-F477-4A17-A2E0-11E96BA707A3}.Release|x86.Build.0 = Release|Any CPU
		{2C290A66-DA2C-45D1-9796-87F2697B9D54}.Debug|Any CPU.ActiveCfg = Debug|Any CPU
		{2C290A66-DA2C-45D1-9796-87F2697B9D54}.Debug|Any CPU.Build.0 = Debug|Any CPU
		{2C290A66-DA2C-45D1-9796-87F2697B9D54}.Debug|x64.ActiveCfg = Debug|Any CPU
		{2C290A66-DA2C-45D1-9796-87F2697B9D54}.Debug|x64.Build.0 = Debug|Any CPU
		{2C290A66-DA2C-45D1-9796-87F2697B9D54}.Debug|x86.ActiveCfg = Debug|Any CPU
		{2C290A66-DA2C-45D1-9796-87F2697B9D54}.Debug|x86.Build.0 = Debug|Any CPU
		{2C290A66-DA2C-45D1-9796-87F2697B9D54}.Release|Any CPU.ActiveCfg = Release|Any CPU
		{2C290A66-DA2C-45D1-9796-87F2697B9D54}.Release|Any CPU.Build.0 = Release|Any CPU
		{2C290A66-DA2C-45D1-9796-87F2697B9D54}.Release|x64.ActiveCfg = Release|Any CPU
		{2C290A66-DA2C-45D1-9796-87F2697B9D54}.Release|x64.Build.0 = Release|Any CPU
		{2C290A66-DA2C-45D1-9796-87F2697B9D54}.Release|x86.ActiveCfg = Release|Any CPU
		{2C290A66-DA2C-45D1-9796-87F2697B9D54}.Release|x86.Build.0 = Release|Any CPU
	EndGlobalSection
	GlobalSection(NestedProjects) = preSolution
		{11CE9AB9-C115-45AA-8DCE-87F0FDA0FFDE} = {6C4219FD-B440-48C8-A34A-31B84DDAFF17}
		{863C521E-B32F-4DE0-AD3E-026B594569AF} = {6C4219FD-B440-48C8-A34A-31B84DDAFF17}
		{210AC383-3565-49B5-8652-D2CB69D46EEE} = {6C4219FD-B440-48C8-A34A-31B84DDAFF17}
		{752C1D10-43DE-4165-A911-FB8416C479E2} = {6C4219FD-B440-48C8-A34A-31B84DDAFF17}
		{4CC02757-1BF3-4050-91F1-8B23F43E0C7B} = {0A778506-BD11-47FA-876E-BB4CFAFE78A6}
		{3FAD634B-A0AC-4640-B0F0-4F3CE55324B7} = {0A778506-BD11-47FA-876E-BB4CFAFE78A6}
		{5F8168FC-F477-4A17-A2E0-11E96BA707A3} = {0A778506-BD11-47FA-876E-BB4CFAFE78A6}
		{2C290A66-DA2C-45D1-9796-87F2697B9D54} = {0A778506-BD11-47FA-876E-BB4CFAFE78A6}
	EndGlobalSection
EndGlobal
