
Microsoft Visual Studio Solution File, Format Version 12.00
# Visual Studio Version 16
VisualStudioVersion = 16.6.30114.105
MinimumVisualStudioVersion = 10.0.40219.1
Project("{2150E333-8FDC-42A3-9474-1A3956D46DE8}") = "src", "src", "{A3D0F0E9-2A99-4CC7-9428-6C74E2ECC9B6}"
EndProject
Project("{FAE04EC0-301F-11D3-BF4B-00C04F79EFBC}") = "Grpc", "src\Grpc\Grpc.csproj", "{7077DE39-B8FF-42D1-84C5-2552688BF9E7}"
EndProject
Project("{FAE04EC0-301F-11D3-BF4B-00C04F79EFBC}") = "MoqMatchers.NUnit", "src\MoqMatchers.NUnit\MoqMatchers.NUnit.csproj", "{46CE64E2-610B-4C18-BFD0-37BAA014E391}"
EndProject
Project("{FAE04EC0-301F-11D3-BF4B-00C04F79EFBC}") = "NUnitConstraints", "src\NUnitConstraints\NUnitConstraints.csproj", "{4A4AED3D-CED8-4B1F-95E4-5BF4763B012B}"
EndProject
Project("{2150E333-8FDC-42A3-9474-1A3956D46DE8}") = "tests", "tests", "{D7A6A2D6-6B69-4E09-8C1A-D59C05A35523}"
EndProject
Project("{FAE04EC0-301F-11D3-BF4B-00C04F79EFBC}") = "Tests.Grpc", "tests\Tests.Grpc\Tests.Grpc.csproj", "{4B6E3FDA-188B-40FE-98A6-D4984041C66B}"
EndProject
Project("{FAE04EC0-301F-11D3-BF4B-00C04F79EFBC}") = "Tests.MoqMatchers.NUnit", "tests\Tests.MoqMatchers.NUnit\Tests.MoqMatchers.NUnit.csproj", "{D7D1F388-08D2-44C7-856C-3DAEF36E3963}"
EndProject
Project("{FAE04EC0-301F-11D3-BF4B-00C04F79EFBC}") = "Tests.NUnitConstraints", "tests\Tests.NUnitConstraints\Tests.NUnitConstraints.csproj", "{675C4136-2B00-4717-B18B-C0B0A779CC06}"
EndProject
Global
	GlobalSection(SolutionConfigurationPlatforms) = preSolution
		Debug|Any CPU = Debug|Any CPU
		Debug|x64 = Debug|x64
		Debug|x86 = Debug|x86
		Release|Any CPU = Release|Any CPU
		Release|x64 = Release|x64
		Release|x86 = Release|x86
	EndGlobalSection
	GlobalSection(SolutionProperties) = preSolution
		HideSolutionNode = FALSE
	EndGlobalSection
	GlobalSection(ProjectConfigurationPlatforms) = postSolution
		{7077DE39-B8FF-42D1-84C5-2552688BF9E7}.Debug|Any CPU.ActiveCfg = Debug|Any CPU
		{7077DE39-B8FF-42D1-84C5-2552688BF9E7}.Debug|Any CPU.Build.0 = Debug|Any CPU
		{7077DE39-B8FF-42D1-84C5-2552688BF9E7}.Debug|x64.ActiveCfg = Debug|Any CPU
		{7077DE39-B8FF-42D1-84C5-2552688BF9E7}.Debug|x64.Build.0 = Debug|Any CPU
		{7077DE39-B8FF-42D1-84C5-2552688BF9E7}.Debug|x86.ActiveCfg = Debug|Any CPU
		{7077DE39-B8FF-42D1-84C5-2552688BF9E7}.Debug|x86.Build.0 = Debug|Any CPU
		{7077DE39-B8FF-42D1-84C5-2552688BF9E7}.Release|Any CPU.ActiveCfg = Release|Any CPU
		{7077DE39-B8FF-42D1-84C5-2552688BF9E7}.Release|Any CPU.Build.0 = Release|Any CPU
		{7077DE39-B8FF-42D1-84C5-2552688BF9E7}.Release|x64.ActiveCfg = Release|Any CPU
		{7077DE39-B8FF-42D1-84C5-2552688BF9E7}.Release|x64.Build.0 = Release|Any CPU
		{7077DE39-B8FF-42D1-84C5-2552688BF9E7}.Release|x86.ActiveCfg = Release|Any CPU
		{7077DE39-B8FF-42D1-84C5-2552688BF9E7}.Release|x86.Build.0 = Release|Any CPU
		{46CE64E2-610B-4C18-BFD0-37BAA014E391}.Debug|Any CPU.ActiveCfg = Debug|Any CPU
		{46CE64E2-610B-4C18-BFD0-37BAA014E391}.Debug|Any CPU.Build.0 = Debug|Any CPU
		{46CE64E2-610B-4C18-BFD0-37BAA014E391}.Debug|x64.ActiveCfg = Debug|Any CPU
		{46CE64E2-610B-4C18-BFD0-37BAA014E391}.Debug|x64.Build.0 = Debug|Any CPU
		{46CE64E2-610B-4C18-BFD0-37BAA014E391}.Debug|x86.ActiveCfg = Debug|Any CPU
		{46CE64E2-610B-4C18-BFD0-37BAA014E391}.Debug|x86.Build.0 = Debug|Any CPU
		{46CE64E2-610B-4C18-BFD0-37BAA014E391}.Release|Any CPU.ActiveCfg = Release|Any CPU
		{46CE64E2-610B-4C18-BFD0-37BAA014E391}.Release|Any CPU.Build.0 = Release|Any CPU
		{46CE64E2-610B-4C18-BFD0-37BAA014E391}.Release|x64.ActiveCfg = Release|Any CPU
		{46CE64E2-610B-4C18-BFD0-37BAA014E391}.Release|x64.Build.0 = Release|Any CPU
		{46CE64E2-610B-4C18-BFD0-37BAA014E391}.Release|x86.ActiveCfg = Release|Any CPU
		{46CE64E2-610B-4C18-BFD0-37BAA014E391}.Release|x86.Build.0 = Release|Any CPU
		{4A4AED3D-CED8-4B1F-95E4-5BF4763B012B}.Debug|Any CPU.ActiveCfg = Debug|Any CPU
		{4A4AED3D-CED8-4B1F-95E4-5BF4763B012B}.Debug|Any CPU.Build.0 = Debug|Any CPU
		{4A4AED3D-CED8-4B1F-95E4-5BF4763B012B}.Debug|x64.ActiveCfg = Debug|Any CPU
		{4A4AED3D-CED8-4B1F-95E4-5BF4763B012B}.Debug|x64.Build.0 = Debug|Any CPU
		{4A4AED3D-CED8-4B1F-95E4-5BF4763B012B}.Debug|x86.ActiveCfg = Debug|Any CPU
		{4A4AED3D-CED8-4B1F-95E4-5BF4763B012B}.Debug|x86.Build.0 = Debug|Any CPU
		{4A4AED3D-CED8-4B1F-95E4-5BF4763B012B}.Release|Any CPU.ActiveCfg = Release|Any CPU
		{4A4AED3D-CED8-4B1F-95E4-5BF4763B012B}.Release|Any CPU.Build.0 = Release|Any CPU
		{4A4AED3D-CED8-4B1F-95E4-5BF4763B012B}.Release|x64.ActiveCfg = Release|Any CPU
		{4A4AED3D-CED8-4B1F-95E4-5BF4763B012B}.Release|x64.Build.0 = Release|Any CPU
		{4A4AED3D-CED8-4B1F-95E4-5BF4763B012B}.Release|x86.ActiveCfg = Release|Any CPU
		{4A4AED3D-CED8-4B1F-95E4-5BF4763B012B}.Release|x86.Build.0 = Release|Any CPU
		{4B6E3FDA-188B-40FE-98A6-D4984041C66B}.Debug|Any CPU.ActiveCfg = Debug|Any CPU
		{4B6E3FDA-188B-40FE-98A6-D4984041C66B}.Debug|Any CPU.Build.0 = Debug|Any CPU
		{4B6E3FDA-188B-40FE-98A6-D4984041C66B}.Debug|x64.ActiveCfg = Debug|Any CPU
		{4B6E3FDA-188B-40FE-98A6-D4984041C66B}.Debug|x64.Build.0 = Debug|Any CPU
		{4B6E3FDA-188B-40FE-98A6-D4984041C66B}.Debug|x86.ActiveCfg = Debug|Any CPU
		{4B6E3FDA-188B-40FE-98A6-D4984041C66B}.Debug|x86.Build.0 = Debug|Any CPU
		{4B6E3FDA-188B-40FE-98A6-D4984041C66B}.Release|Any CPU.ActiveCfg = Release|Any CPU
		{4B6E3FDA-188B-40FE-98A6-D4984041C66B}.Release|Any CPU.Build.0 = Release|Any CPU
		{4B6E3FDA-188B-40FE-98A6-D4984041C66B}.Release|x64.ActiveCfg = Release|Any CPU
		{4B6E3FDA-188B-40FE-98A6-D4984041C66B}.Release|x64.Build.0 = Release|Any CPU
		{4B6E3FDA-188B-40FE-98A6-D4984041C66B}.Release|x86.ActiveCfg = Release|Any CPU
		{4B6E3FDA-188B-40FE-98A6-D4984041C66B}.Release|x86.Build.0 = Release|Any CPU
		{D7D1F388-08D2-44C7-856C-3DAEF36E3963}.Debug|Any CPU.ActiveCfg = Debug|Any CPU
		{D7D1F388-08D2-44C7-856C-3DAEF36E3963}.Debug|Any CPU.Build.0 = Debug|Any CPU
		{D7D1F388-08D2-44C7-856C-3DAEF36E3963}.Debug|x64.ActiveCfg = Debug|Any CPU
		{D7D1F388-08D2-44C7-856C-3DAEF36E3963}.Debug|x64.Build.0 = Debug|Any CPU
		{D7D1F388-08D2-44C7-856C-3DAEF36E3963}.Debug|x86.ActiveCfg = Debug|Any CPU
		{D7D1F388-08D2-44C7-856C-3DAEF36E3963}.Debug|x86.Build.0 = Debug|Any CPU
		{D7D1F388-08D2-44C7-856C-3DAEF36E3963}.Release|Any CPU.ActiveCfg = Release|Any CPU
		{D7D1F388-08D2-44C7-856C-3DAEF36E3963}.Release|Any CPU.Build.0 = Release|Any CPU
		{D7D1F388-08D2-44C7-856C-3DAEF36E3963}.Release|x64.ActiveCfg = Release|Any CPU
		{D7D1F388-08D2-44C7-856C-3DAEF36E3963}.Release|x64.Build.0 = Release|Any CPU
		{D7D1F388-08D2-44C7-856C-3DAEF36E3963}.Release|x86.ActiveCfg = Release|Any CPU
		{D7D1F388-08D2-44C7-856C-3DAEF36E3963}.Release|x86.Build.0 = Release|Any CPU
		{675C4136-2B00-4717-B18B-C0B0A779CC06}.Debug|Any CPU.ActiveCfg = Debug|Any CPU
		{675C4136-2B00-4717-B18B-C0B0A779CC06}.Debug|Any CPU.Build.0 = Debug|Any CPU
		{675C4136-2B00-4717-B18B-C0B0A779CC06}.Debug|x64.ActiveCfg = Debug|Any CPU
		{675C4136-2B00-4717-B18B-C0B0A779CC06}.Debug|x64.Build.0 = Debug|Any CPU
		{675C4136-2B00-4717-B18B-C0B0A779CC06}.Debug|x86.ActiveCfg = Debug|Any CPU
		{675C4136-2B00-4717-B18B-C0B0A779CC06}.Debug|x86.Build.0 = Debug|Any CPU
		{675C4136-2B00-4717-B18B-C0B0A779CC06}.Release|Any CPU.ActiveCfg = Release|Any CPU
		{675C4136-2B00-4717-B18B-C0B0A779CC06}.Release|Any CPU.Build.0 = Release|Any CPU
		{675C4136-2B00-4717-B18B-C0B0A779CC06}.Release|x64.ActiveCfg = Release|Any CPU
		{675C4136-2B00-4717-B18B-C0B0A779CC06}.Release|x64.Build.0 = Release|Any CPU
		{675C4136-2B00-4717-B18B-C0B0A779CC06}.Release|x86.ActiveCfg = Release|Any CPU
		{675C4136-2B00-4717-B18B-C0B0A779CC06}.Release|x86.Build.0 = Release|Any CPU
	EndGlobalSection
	GlobalSection(NestedProjects) = preSolution
		{7077DE39-B8FF-42D1-84C5-2552688BF9E7} = {A3D0F0E9-2A99-4CC7-9428-6C74E2ECC9B6}
		{46CE64E2-610B-4C18-BFD0-37BAA014E391} = {A3D0F0E9-2A99-4CC7-9428-6C74E2ECC9B6}
		{4A4AED3D-CED8-4B1F-95E4-5BF4763B012B} = {A3D0F0E9-2A99-4CC7-9428-6C74E2ECC9B6}
		{4B6E3FDA-188B-40FE-98A6-D4984041C66B} = {D7A6A2D6-6B69-4E09-8C1A-D59C05A35523}
		{D7D1F388-08D2-44C7-856C-3DAEF36E3963} = {D7A6A2D6-6B69-4E09-8C1A-D59C05A35523}
		{675C4136-2B00-4717-B18B-C0B0A779CC06} = {D7A6A2D6-6B69-4E09-8C1A-D59C05A35523}
	EndGlobalSection
EndGlobal
